// !$*UTF8*$!
{
	archiveVersion = 1;
	classes = {
	};
	objectVersion = 46;
	objects = {

/* Begin PBXBuildFile section */
		F68BF02019C13DFD00CEEF0B /* Foundation.framework in Frameworks */ = {isa = PBXBuildFile; fileRef = F68BF01F19C13DFD00CEEF0B /* Foundation.framework */; };
		F68BF02219C13DFD00CEEF0B /* CoreGraphics.framework in Frameworks */ = {isa = PBXBuildFile; fileRef = F68BF02119C13DFD00CEEF0B /* CoreGraphics.framework */; };
		F68BF02419C13DFD00CEEF0B /* UIKit.framework in Frameworks */ = {isa = PBXBuildFile; fileRef = F68BF02319C13DFD00CEEF0B /* UIKit.framework */; };
		F68BF02A19C13DFD00CEEF0B /* InfoPlist.strings in Resources */ = {isa = PBXBuildFile; fileRef = F68BF02819C13DFD00CEEF0B /* InfoPlist.strings */; };
		F68BF02C19C13DFD00CEEF0B /* main.m in Sources */ = {isa = PBXBuildFile; fileRef = F68BF02B19C13DFD00CEEF0B /* main.m */; };
		F68BF03019C13DFD00CEEF0B /* HHAppDelegate.m in Sources */ = {isa = PBXBuildFile; fileRef = F68BF02F19C13DFD00CEEF0B /* HHAppDelegate.m */; };
		F68BF03219C13DFD00CEEF0B /* Images.xcassets in Resources */ = {isa = PBXBuildFile; fileRef = F68BF03119C13DFD00CEEF0B /* Images.xcassets */; };
		F68BF03919C13DFD00CEEF0B /* XCTest.framework in Frameworks */ = {isa = PBXBuildFile; fileRef = F68BF03819C13DFD00CEEF0B /* XCTest.framework */; };
		F68BF03A19C13DFD00CEEF0B /* Foundation.framework in Frameworks */ = {isa = PBXBuildFile; fileRef = F68BF01F19C13DFD00CEEF0B /* Foundation.framework */; };
		F68BF03B19C13DFD00CEEF0B /* UIKit.framework in Frameworks */ = {isa = PBXBuildFile; fileRef = F68BF02319C13DFD00CEEF0B /* UIKit.framework */; };
		F68BF04319C13DFD00CEEF0B /* InfoPlist.strings in Resources */ = {isa = PBXBuildFile; fileRef = F68BF04119C13DFD00CEEF0B /* InfoPlist.strings */; };
		F68BF04519C13DFD00CEEF0B /* ViewTestTests.m in Sources */ = {isa = PBXBuildFile; fileRef = F68BF04419C13DFD00CEEF0B /* ViewTestTests.m */; };
		F68BF05019C13EF200CEEF0B /* HHSimpleView.m in Sources */ = {isa = PBXBuildFile; fileRef = F68BF04F19C13EF200CEEF0B /* HHSimpleView.m */; };
/* End PBXBuildFile section */

/* Begin PBXContainerItemProxy section */
		F68BF03C19C13DFD00CEEF0B /* PBXContainerItemProxy */ = {
			isa = PBXContainerItemProxy;
			containerPortal = F68BF01419C13DFD00CEEF0B /* Project object */;
			proxyType = 1;
			remoteGlobalIDString = F68BF01B19C13DFD00CEEF0B;
			remoteInfo = ViewTest;
		};
/* End PBXContainerItemProxy section */

/* Begin PBXFileReference section */
		F68BF01C19C13DFD00CEEF0B /* ViewTest.app */ = {isa = PBXFileReference; explicitFileType = wrapper.application; includeInIndex = 0; path = ViewTest.app; sourceTree = BUILT_PRODUCTS_DIR; };
		F68BF01F19C13DFD00CEEF0B /* Foundation.framework */ = {isa = PBXFileReference; lastKnownFileType = wrapper.framework; name = Foundation.framework; path = System/Library/Frameworks/Foundation.framework; sourceTree = SDKROOT; };
		F68BF02119C13DFD00CEEF0B /* CoreGraphics.framework */ = {isa = PBXFileReference; lastKnownFileType = wrapper.framework; name = CoreGraphics.framework; path = System/Library/Frameworks/CoreGraphics.framework; sourceTree = SDKROOT; };
		F68BF02319C13DFD00CEEF0B /* UIKit.framework */ = {isa = PBXFileReference; lastKnownFileType = wrapper.framework; name = UIKit.framework; path = System/Library/Frameworks/UIKit.framework; sourceTree = SDKROOT; };
		F68BF02719C13DFD00CEEF0B /* ViewTest-Info.plist */ = {isa = PBXFileReference; lastKnownFileType = text.plist.xml; path = "ViewTest-Info.plist"; sourceTree = "<group>"; };
		F68BF02919C13DFD00CEEF0B /* en */ = {isa = PBXFileReference; lastKnownFileType = text.plist.strings; name = en; path = en.lproj/InfoPlist.strings; sourceTree = "<group>"; };
		F68BF02B19C13DFD00CEEF0B /* main.m */ = {isa = PBXFileReference; lastKnownFileType = sourcecode.c.objc; path = main.m; sourceTree = "<group>"; };
		F68BF02D19C13DFD00CEEF0B /* ViewTest-Prefix.pch */ = {isa = PBXFileReference; lastKnownFileType = sourcecode.c.h; path = "ViewTest-Prefix.pch"; sourceTree = "<group>"; };
		F68BF02E19C13DFD00CEEF0B /* HHAppDelegate.h */ = {isa = PBXFileReference; lastKnownFileType = sourcecode.c.h; path = HHAppDelegate.h; sourceTree = "<group>"; };
		F68BF02F19C13DFD00CEEF0B /* HHAppDelegate.m */ = {isa = PBXFileReference; lastKnownFileType = sourcecode.c.objc; path = HHAppDelegate.m; sourceTree = "<group>"; };
		F68BF03119C13DFD00CEEF0B /* Images.xcassets */ = {isa = PBXFileReference; lastKnownFileType = folder.assetcatalog; path = Images.xcassets; sourceTree = "<group>"; };
		F68BF03719C13DFD00CEEF0B /* ViewTestTests.xctest */ = {isa = PBXFileReference; explicitFileType = wrapper.cfbundle; includeInIndex = 0; path = ViewTestTests.xctest; sourceTree = BUILT_PRODUCTS_DIR; };
		F68BF03819C13DFD00CEEF0B /* XCTest.framework */ = {isa = PBXFileReference; lastKnownFileType = wrapper.framework; name = XCTest.framework; path = Library/Frameworks/XCTest.framework; sourceTree = DEVELOPER_DIR; };
		F68BF04019C13DFD00CEEF0B /* ViewTestTests-Info.plist */ = {isa = PBXFileReference; lastKnownFileType = text.plist.xml; path = "ViewTestTests-Info.plist"; sourceTree = "<group>"; };
		F68BF04219C13DFD00CEEF0B /* en */ = {isa = PBXFileReference; lastKnownFileType = text.plist.strings; name = en; path = en.lproj/InfoPlist.strings; sourceTree = "<group>"; };
		F68BF04419C13DFD00CEEF0B /* ViewTestTests.m */ = {isa = PBXFileReference; lastKnownFileType = sourcecode.c.objc; path = ViewTestTests.m; sourceTree = "<group>"; };
		F68BF04E19C13EF200CEEF0B /* HHSimpleView.h */ = {isa = PBXFileReference; fileEncoding = 4; lastKnownFileType = sourcecode.c.h; path = HHSimpleView.h; sourceTree = "<group>"; };
		F68BF04F19C13EF200CEEF0B /* HHSimpleView.m */ = {isa = PBXFileReference; fileEncoding = 4; lastKnownFileType = sourcecode.c.objc; path = HHSimpleView.m; sourceTree = "<group>"; };
/* End PBXFileReference section */

/* Begin PBXFrameworksBuildPhase section */
		F68BF01919C13DFD00CEEF0B /* Frameworks */ = {
			isa = PBXFrameworksBuildPhase;
			buildActionMask = 2147483647;
			files = (
				F68BF02219C13DFD00CEEF0B /* CoreGraphics.framework in Frameworks */,
				F68BF02419C13DFD00CEEF0B /* UIKit.framework in Frameworks */,
				F68BF02019C13DFD00CEEF0B /* Foundation.framework in Frameworks */,
			);
			runOnlyForDeploymentPostprocessing = 0;
		};
		F68BF03419C13DFD00CEEF0B /* Frameworks */ = {
			isa = PBXFrameworksBuildPhase;
			buildActionMask = 2147483647;
			files = (
				F68BF03919C13DFD00CEEF0B /* XCTest.framework in Frameworks */,
				F68BF03B19C13DFD00CEEF0B /* UIKit.framework in Frameworks */,
				F68BF03A19C13DFD00CEEF0B /* Foundation.framework in Frameworks */,
			);
			runOnlyForDeploymentPostprocessing = 0;
		};
/* End PBXFrameworksBuildPhase section */

/* Begin PBXGroup section */
		F68BF01319C13DFD00CEEF0B = {
			isa = PBXGroup;
			children = (
				F68BF02519C13DFD00CEEF0B /* ViewTest */,
				F68BF03E19C13DFD00CEEF0B /* ViewTestTests */,
				F68BF01E19C13DFD00CEEF0B /* Frameworks */,
				F68BF01D19C13DFD00CEEF0B /* Products */,
			);
			sourceTree = "<group>";
		};
		F68BF01D19C13DFD00CEEF0B /* Products */ = {
			isa = PBXGroup;
			children = (
				F68BF01C19C13DFD00CEEF0B /* ViewTest.app */,
				F68BF03719C13DFD00CEEF0B /* ViewTestTests.xctest */,
			);
			name = Products;
			sourceTree = "<group>";
		};
		F68BF01E19C13DFD00CEEF0B /* Frameworks */ = {
			isa = PBXGroup;
			children = (
				F68BF01F19C13DFD00CEEF0B /* Foundation.framework */,
				F68BF02119C13DFD00CEEF0B /* CoreGraphics.framework */,
				F68BF02319C13DFD00CEEF0B /* UIKit.framework */,
				F68BF03819C13DFD00CEEF0B /* XCTest.framework */,
			);
			name = Frameworks;
			sourceTree = "<group>";
		};
		F68BF02519C13DFD00CEEF0B /* ViewTest */ = {
			isa = PBXGroup;
			children = (
				F68BF02E19C13DFD00CEEF0B /* HHAppDelegate.h */,
				F68BF02F19C13DFD00CEEF0B /* HHAppDelegate.m */,
				F68BF04E19C13EF200CEEF0B /* HHSimpleView.h */,
				F68BF04F19C13EF200CEEF0B /* HHSimpleView.m */,
				F68BF03119C13DFD00CEEF0B /* Images.xcassets */,
				F68BF02619C13DFD00CEEF0B /* Supporting Files */,
			);
			path = ViewTest;
			sourceTree = "<group>";
		};
		F68BF02619C13DFD00CEEF0B /* Supporting Files */ = {
			isa = PBXGroup;
			children = (
				F68BF02719C13DFD00CEEF0B /* ViewTest-Info.plist */,
				F68BF02819C13DFD00CEEF0B /* InfoPlist.strings */,
				F68BF02B19C13DFD00CEEF0B /* main.m */,
				F68BF02D19C13DFD00CEEF0B /* ViewTest-Prefix.pch */,
			);
			name = "Supporting Files";
			sourceTree = "<group>";
		};
		F68BF03E19C13DFD00CEEF0B /* ViewTestTests */ = {
			isa = PBXGroup;
			children = (
				F68BF04419C13DFD00CEEF0B /* ViewTestTests.m */,
				F68BF03F19C13DFD00CEEF0B /* Supporting Files */,
			);
			path = ViewTestTests;
			sourceTree = "<group>";
		};
		F68BF03F19C13DFD00CEEF0B /* Supporting Files */ = {
			isa = PBXGroup;
			children = (
				F68BF04019C13DFD00CEEF0B /* ViewTestTests-Info.plist */,
				F68BF04119C13DFD00CEEF0B /* InfoPlist.strings */,
			);
			name = "Supporting Files";
			sourceTree = "<group>";
		};
/* End PBXGroup section */

/* Begin PBXNativeTarget section */
		F68BF01B19C13DFD00CEEF0B /* ViewTest */ = {
			isa = PBXNativeTarget;
			buildConfigurationList = F68BF04819C13DFD00CEEF0B /* Build configuration list for PBXNativeTarget "ViewTest" */;
			buildPhases = (
				F68BF01819C13DFD00CEEF0B /* Sources */,
				F68BF01919C13DFD00CEEF0B /* Frameworks */,
				F68BF01A19C13DFD00CEEF0B /* Resources */,
			);
			buildRules = (
			);
			dependencies = (
			);
			name = ViewTest;
			productName = ViewTest;
			productReference = F68BF01C19C13DFD00CEEF0B /* ViewTest.app */;
			productType = "com.apple.product-type.application";
		};
		F68BF03619C13DFD00CEEF0B /* ViewTestTests */ = {
			isa = PBXNativeTarget;
			buildConfigurationList = F68BF04B19C13DFD00CEEF0B /* Build configuration list for PBXNativeTarget "ViewTestTests" */;
			buildPhases = (
				F68BF03319C13DFD00CEEF0B /* Sources */,
				F68BF03419C13DFD00CEEF0B /* Frameworks */,
				F68BF03519C13DFD00CEEF0B /* Resources */,
			);
			buildRules = (
			);
			dependencies = (
				F68BF03D19C13DFD00CEEF0B /* PBXTargetDependency */,
			);
			name = ViewTestTests;
			productName = ViewTestTests;
			productReference = F68BF03719C13DFD00CEEF0B /* ViewTestTests.xctest */;
			productType = "com.apple.product-type.bundle.unit-test";
		};
/* End PBXNativeTarget section */

/* Begin PBXProject section */
		F68BF01419C13DFD00CEEF0B /* Project object */ = {
			isa = PBXProject;
			attributes = {
				CLASSPREFIX = HH;
				LastUpgradeCheck = 0510;
				ORGANIZATIONNAME = "Hugo Ho";
				TargetAttributes = {
					F68BF03619C13DFD00CEEF0B = {
						TestTargetID = F68BF01B19C13DFD00CEEF0B;
					};
				};
			};
			buildConfigurationList = F68BF01719C13DFD00CEEF0B /* Build configuration list for PBXProject "ViewTest" */;
			compatibilityVersion = "Xcode 3.2";
			developmentRegion = English;
			hasScannedForEncodings = 0;
			knownRegions = (
				en,
			);
			mainGroup = F68BF01319C13DFD00CEEF0B;
			productRefGroup = F68BF01D19C13DFD00CEEF0B /* Products */;
			projectDirPath = "";
			projectRoot = "";
			targets = (
				F68BF01B19C13DFD00CEEF0B /* ViewTest */,
				F68BF03619C13DFD00CEEF0B /* ViewTestTests */,
			);
		};
/* End PBXProject section */

/* Begin PBXResourcesBuildPhase section */
		F68BF01A19C13DFD00CEEF0B /* Resources */ = {
			isa = PBXResourcesBuildPhase;
			buildActionMask = 2147483647;
			files = (
				F68BF02A19C13DFD00CEEF0B /* InfoPlist.strings in Resources */,
				F68BF03219C13DFD00CEEF0B /* Images.xcassets in Resources */,
			);
			runOnlyForDeploymentPostprocessing = 0;
		};
		F68BF03519C13DFD00CEEF0B /* Resources */ = {
			isa = PBXResourcesBuildPhase;
			buildActionMask = 2147483647;
			files = (
				F68BF04319C13DFD00CEEF0B /* InfoPlist.strings in Resources */,
			);
			runOnlyForDeploymentPostprocessing = 0;
		};
/* End PBXResourcesBuildPhase section */

/* Begin PBXSourcesBuildPhase section */
		F68BF01819C13DFD00CEEF0B /* Sources */ = {
			isa = PBXSourcesBuildPhase;
			buildActionMask = 2147483647;
			files = (
				F68BF03019C13DFD00CEEF0B /* HHAppDelegate.m in Sources */,
				F68BF02C19C13DFD00CEEF0B /* main.m in Sources */,
				F68BF05019C13EF200CEEF0B /* HHSimpleView.m in Sources */,
			);
			runOnlyForDeploymentPostprocessing = 0;
		};
		F68BF03319C13DFD00CEEF0B /* Sources */ = {
			isa = PBXSourcesBuildPhase;
			buildActionMask = 2147483647;
			files = (
				F68BF04519C13DFD00CEEF0B /* ViewTestTests.m in Sources */,
			);
			runOnlyForDeploymentPostprocessing = 0;
		};
/* End PBXSourcesBuildPhase section */

/* Begin PBXTargetDependency section */
		F68BF03D19C13DFD00CEEF0B /* PBXTargetDependency */ = {
			isa = PBXTargetDependency;
			target = F68BF01B19C13DFD00CEEF0B /* ViewTest */;
			targetProxy = F68BF03C19C13DFD00CEEF0B /* PBXContainerItemProxy */;
		};
/* End PBXTargetDependency section */

/* Begin PBXVariantGroup section */
		F68BF02819C13DFD00CEEF0B /* InfoPlist.strings */ = {
			isa = PBXVariantGroup;
			children = (
				F68BF02919C13DFD00CEEF0B /* en */,
			);
			name = InfoPlist.strings;
			sourceTree = "<group>";
		};
		F68BF04119C13DFD00CEEF0B /* InfoPlist.strings */ = {
			isa = PBXVariantGroup;
			children = (
				F68BF04219C13DFD00CEEF0B /* en */,
			);
			name = InfoPlist.strings;
			sourceTree = "<group>";
		};
/* End PBXVariantGroup section */

/* Begin XCBuildConfiguration section */
		F68BF04619C13DFD00CEEF0B /* Debug */ = {
			isa = XCBuildConfiguration;
			buildSettings = {
				ALWAYS_SEARCH_USER_PATHS = NO;
				CLANG_CXX_LANGUAGE_STANDARD = "gnu++0x";
				CLANG_CXX_LIBRARY = "libc++";
				CLANG_ENABLE_MODULES = YES;
				CLANG_ENABLE_OBJC_ARC = YES;
				CLANG_WARN_BOOL_CONVERSION = YES;
				CLANG_WARN_CONSTANT_CONVERSION = YES;
				CLANG_WARN_DIRECT_OBJC_ISA_USAGE = YES_ERROR;
				CLANG_WARN_EMPTY_BODY = YES;
				CLANG_WARN_ENUM_CONVERSION = YES;
				CLANG_WARN_INT_CONVERSION = YES;
				CLANG_WARN_OBJC_ROOT_CLASS = YES_ERROR;
				CLANG_WARN__DUPLICATE_METHOD_MATCH = YES;
				"CODE_SIGN_IDENTITY[sdk=iphoneos*]" = "iPhone Developer";
				COPY_PHASE_STRIP = NO;
				GCC_C_LANGUAGE_STANDARD = gnu99;
				GCC_DYNAMIC_NO_PIC = NO;
				GCC_OPTIMIZATION_LEVEL = 0;
				GCC_PREPROCESSOR_DEFINITIONS = (
					"DEBUG=1",
					"$(inherited)",
				);
				GCC_SYMBOLS_PRIVATE_EXTERN = NO;
				GCC_WARN_64_TO_32_BIT_CONVERSION = YES;
				GCC_WARN_ABOUT_RETURN_TYPE = YES_ERROR;
				GCC_WARN_UNDECLARED_SELECTOR = YES;
				GCC_WARN_UNINITIALIZED_AUTOS = YES_AGGRESSIVE;
				GCC_WARN_UNUSED_FUNCTION = YES;
				GCC_WARN_UNUSED_VARIABLE = YES;
				IPHONEOS_DEPLOYMENT_TARGET = 7.1;
				ONLY_ACTIVE_ARCH = YES;
				SDKROOT = iphoneos;
			};
			name = Debug;
		};
		F68BF04719C13DFD00CEEF0B /* Release */ = {
			isa = XCBuildConfiguration;
			buildSettings = {
				ALWAYS_SEARCH_USER_PATHS = NO;
				CLANG_CXX_LANGUAGE_STANDARD = "gnu++0x";
				CLANG_CXX_LIBRARY = "libc++";
				CLANG_ENABLE_MODULES = YES;
				CLANG_ENABLE_OBJC_ARC = YES;
				CLANG_WARN_BOOL_CONVERSION = YES;
				CLANG_WARN_CONSTANT_CONVERSION = YES;
				CLANG_WARN_DIRECT_OBJC_ISA_USAGE = YES_ERROR;
				CLANG_WARN_EMPTY_BODY = YES;
				CLANG_WARN_ENUM_CONVERSION = YES;
				CLANG_WARN_INT_CONVERSION = YES;
				CLANG_WARN_OBJC_ROOT_CLASS = YES_ERROR;
				CLANG_WARN__DUPLICATE_METHOD_MATCH = YES;
				"CODE_SIGN_IDENTITY[sdk=iphoneos*]" = "iPhone Developer";
				COPY_PHASE_STRIP = YES;
				ENABLE_NS_ASSERTIONS = NO;
				GCC_C_LANGUAGE_STANDARD = gnu99;
				GCC_WARN_64_TO_32_BIT_CONVERSION = YES;
				GCC_WARN_ABOUT_RETURN_TYPE = YES_ERROR;
				GCC_WARN_UNDECLARED_SELECTOR = YES;
				GCC_WARN_UNINITIALIZED_AUTOS = YES_AGGRESSIVE;
				GCC_WARN_UNUSED_FUNCTION = YES;
				GCC_WARN_UNUSED_VARIABLE = YES;
				IPHONEOS_DEPLOYMENT_TARGET = 7.1;
				SDKROOT = iphoneos;
				VALIDATE_PRODUCT = YES;
			};
			name = Release;
		};
		F68BF04919C13DFD00CEEF0B /* Debug */ = {
			isa = XCBuildConfiguration;
			buildSettings = {
				ASSETCATALOG_COMPILER_APPICON_NAME = AppIcon;
				ASSETCATALOG_COMPILER_LAUNCHIMAGE_NAME = LaunchImage;
				GCC_PRECOMPILE_PREFIX_HEADER = YES;
				GCC_PREFIX_HEADER = "ViewTest/ViewTest-Prefix.pch";
				INFOPLIST_FILE = "ViewTest/ViewTest-Info.plist";
				PRODUCT_NAME = "$(TARGET_NAME)";
				WRAPPER_EXTENSION = app;
			};
			name = Debug;
		};
		F68BF04A19C13DFD00CEEF0B /* Release */ = {
			isa = XCBuildConfiguration;
			buildSettings = {
				ASSETCATALOG_COMPILER_APPICON_NAME = AppIcon;
				ASSETCATALOG_COMPILER_LAUNCHIMAGE_NAME = LaunchImage;
				GCC_PRECOMPILE_PREFIX_HEADER = YES;
				GCC_PREFIX_HEADER = "ViewTest/ViewTest-Prefix.pch";
				INFOPLIST_FILE = "ViewTest/ViewTest-Info.plist";
				PRODUCT_NAME = "$(TARGET_NAME)";
				WRAPPER_EXTENSION = app;
			};
			name = Release;
		};
		F68BF04C19C13DFD00CEEF0B /* Debug */ = {
			isa = XCBuildConfiguration;
			buildSettings = {
				BUNDLE_LOADER = "$(BUILT_PRODUCTS_DIR)/ViewTest.app/ViewTest";
				FRAMEWORK_SEARCH_PATHS = (
					"$(SDKROOT)/Developer/Library/Frameworks",
					"$(inherited)",
					"$(DEVELOPER_FRAMEWORKS_DIR)",
				);
				GCC_PRECOMPILE_PREFIX_HEADER = YES;
				GCC_PREFIX_HEADER = "ViewTest/ViewTest-Prefix.pch";
				GCC_PREPROCESSOR_DEFINITIONS = (
					"DEBUG=1",
					"$(inherited)",
				);
				INFOPLIST_FILE = "ViewTestTests/ViewTestTests-Info.plist";
				PRODUCT_NAME = "$(TARGET_NAME)";
				TEST_HOST = "$(BUNDLE_LOADER)";
				WRAPPER_EXTENSION = xctest;
			};
			name = Debug;
		};
		F68BF04D19C13DFD00CEEF0B /* Release */ = {
			isa = XCBuildConfiguration;
			buildSettings = {
				BUNDLE_LOADER = "$(BUILT_PRODUCTS_DIR)/ViewTest.app/ViewTest";
				FRAMEWORK_SEARCH_PATHS = (
					"$(SDKROOT)/Developer/Library/Frameworks",
					"$(inherited)",
					"$(DEVELOPER_FRAMEWORKS_DIR)",
				);
				GCC_PRECOMPILE_PREFIX_HEADER = YES;
				GCC_PREFIX_HEADER = "ViewTest/ViewTest-Prefix.pch";
				INFOPLIST_FILE = "ViewTestTests/ViewTestTests-Info.plist";
				PRODUCT_NAME = "$(TARGET_NAME)";
				TEST_HOST = "$(BUNDLE_LOADER)";
				WRAPPER_EXTENSION = xctest;
			};
			name = Release;
		};
/* End XCBuildConfiguration section */

/* Begin XCConfigurationList section */
		F68BF01719C13DFD00CEEF0B /* Build configuration list for PBXProject "ViewTest" */ = {
			isa = XCConfigurationList;
			buildConfigurations = (
				F68BF04619C13DFD00CEEF0B /* Debug */,
				F68BF04719C13DFD00CEEF0B /* Release */,
			);
			defaultConfigurationIsVisible = 0;
			defaultConfigurationName = Release;
		};
		F68BF04819C13DFD00CEEF0B /* Build configuration list for PBXNativeTarget "ViewTest" */ = {
			isa = XCConfigurationList;
			buildConfigurations = (
				F68BF04919C13DFD00CEEF0B /* Debug */,
				F68BF04A19C13DFD00CEEF0B /* Release */,
			);
			defaultConfigurationIsVisible = 0;
		};
		F68BF04B19C13DFD00CEEF0B /* Build configuration list for PBXNativeTarget "ViewTestTests" */ = {
			isa = XCConfigurationList;
			buildConfigurations = (
				F68BF04C19C13DFD00CEEF0B /* Debug */,
				F68BF04D19C13DFD00CEEF0B /* Release */,
			);
			defaultConfigurationIsVisible = 0;
		};
/* End XCConfigurationList section */
	};
	rootObject = F68BF01419C13DFD00CEEF0B /* Project object */;
}
